
Microsoft Visual Studio Solution File, Format Version 12.00
# Visual Studio 15
VisualStudioVersion = 15.0.27004.2010
MinimumVisualStudioVersion = 10.0.40219.1
Project("{8BC9CEB8-8B4A-11D0-8D11-00A0C91BC942}") = "13.4 拷贝控制 Message 和 Folder", "13.4 拷贝控制 Message 和 Folder\13.4 拷贝控制 Message 和 Folder.vcxproj", "{EB5E9099-D16E-457F-8FB6-9C187492D473}"
EndProject
Global
	GlobalSection(SolutionConfigurationPlatforms) = preSolution
		Debug|x64 = Debug|x64
		Debug|x86 = Debug|x86
		Release|x64 = Release|x64
		Release|x86 = Release|x86
	EndGlobalSection
	GlobalSection(ProjectConfigurationPlatforms) = postSolution
		{EB5E9099-D16E-457F-8FB6-9C187492D473}.Debug|x64.ActiveCfg = Debug|x64
		{EB5E9099-D16E-457F-8FB6-9C187492D473}.Debug|x64.Build.0 = Debug|x64
		{EB5E9099-D16E-457F-8FB6-9C187492D473}.Debug|x86.ActiveCfg = Debug|Win32
		{EB5E9099-D16E-457F-8FB6-9C187492D473}.Debug|x86.Build.0 = Debug|Win32
		{EB5E9099-D16E-457F-8FB6-9C187492D473}.Release|x64.ActiveCfg = Release|x64
		{EB5E9099-D16E-457F-8FB6-9C187492D473}.Release|x64.Build.0 = Release|x64
		{EB5E9099-D16E-457F-8FB6-9C187492D473}.Release|x86.ActiveCfg = Release|Win32
		{EB5E9099-D16E-457F-8FB6-9C187492D473}.Release|x86.Build.0 = Release|Win32
	EndGlobalSection
	GlobalSection(SolutionProperties) = preSolution
		HideSolutionNode = FALSE
	EndGlobalSection
	GlobalSection(ExtensibilityGlobals) = postSolution
		SolutionGuid = {76A6D6BF-7109-4C26-AE82-21F1C396AB1B}
	EndGlobalSection
EndGlobal
