
Microsoft Visual Studio Solution File, Format Version 12.00
# Visual Studio 15
VisualStudioVersion = 15.0.27703.2018
MinimumVisualStudioVersion = 10.0.40219.1
Project("{8BC9CEB8-8B4A-11D0-8D11-00A0C91BC942}") = "main", "main\main.vcxproj", "{D7D630AE-8EC9-4FEF-9990-0A8762F9034A}"
EndProject
Global
	GlobalSection(SolutionConfigurationPlatforms) = preSolution
		Debug|x64 = Debug|x64
		Debug|x86 = Debug|x86
		Release|x64 = Release|x64
		Release|x86 = Release|x86
	EndGlobalSection
	GlobalSection(ProjectConfigurationPlatforms) = postSolution
		{D7D630AE-8EC9-4FEF-9990-0A8762F9034A}.Debug|x64.ActiveCfg = Debug|x64
		{D7D630AE-8EC9-4FEF-9990-0A8762F9034A}.Debug|x64.Build.0 = Debug|x64
		{D7D630AE-8EC9-4FEF-9990-0A8762F9034A}.Debug|x86.ActiveCfg = Debug|Win32
		{D7D630AE-8EC9-4FEF-9990-0A8762F9034A}.Debug|x86.Build.0 = Debug|Win32
		{D7D630AE-8EC9-4FEF-9990-0A8762F9034A}.Release|x64.ActiveCfg = Release|x64
		{D7D630AE-8EC9-4FEF-9990-0A8762F9034A}.Release|x64.Build.0 = Release|x64
		{D7D630AE-8EC9-4FEF-9990-0A8762F9034A}.Release|x86.ActiveCfg = Release|Win32
		{D7D630AE-8EC9-4FEF-9990-0A8762F9034A}.Release|x86.Build.0 = Release|Win32
	EndGlobalSection
	GlobalSection(SolutionProperties) = preSolution
		HideSolutionNode = FALSE
	EndGlobalSection
	GlobalSection(ExtensibilityGlobals) = postSolution
		SolutionGuid = {146153A2-3C13-47B6-BEC9-8C6DF49BC0B5}
	EndGlobalSection
EndGlobal
