
Microsoft Visual Studio Solution File, Format Version 12.00
# Visual Studio 15
VisualStudioVersion = 15.0.27703.2018
MinimumVisualStudioVersion = 10.0.40219.1
Project("{8BC9CEB8-8B4A-11D0-8D11-00A0C91BC942}") = "my_setbit", "my_setbit\my_setbit.vcxproj", "{FD6B295E-45F9-4166-9FE0-5190EBAA8388}"
EndProject
Global
	GlobalSection(SolutionConfigurationPlatforms) = preSolution
		Debug|x64 = Debug|x64
		Debug|x86 = Debug|x86
		Release|x64 = Release|x64
		Release|x86 = Release|x86
	EndGlobalSection
	GlobalSection(ProjectConfigurationPlatforms) = postSolution
		{FD6B295E-45F9-4166-9FE0-5190EBAA8388}.Debug|x64.ActiveCfg = Debug|x64
		{FD6B295E-45F9-4166-9FE0-5190EBAA8388}.Debug|x64.Build.0 = Debug|x64
		{FD6B295E-45F9-4166-9FE0-5190EBAA8388}.Debug|x86.ActiveCfg = Debug|Win32
		{FD6B295E-45F9-4166-9FE0-5190EBAA8388}.Debug|x86.Build.0 = Debug|Win32
		{FD6B295E-45F9-4166-9FE0-5190EBAA8388}.Release|x64.ActiveCfg = Release|x64
		{FD6B295E-45F9-4166-9FE0-5190EBAA8388}.Release|x64.Build.0 = Release|x64
		{FD6B295E-45F9-4166-9FE0-5190EBAA8388}.Release|x86.ActiveCfg = Release|Win32
		{FD6B295E-45F9-4166-9FE0-5190EBAA8388}.Release|x86.Build.0 = Release|Win32
	EndGlobalSection
	GlobalSection(SolutionProperties) = preSolution
		HideSolutionNode = FALSE
	EndGlobalSection
	GlobalSection(ExtensibilityGlobals) = postSolution
		SolutionGuid = {9265ED5C-835D-4EC6-9656-E9B72CD38F67}
	EndGlobalSection
EndGlobal
