
Microsoft Visual Studio Solution File, Format Version 12.00
# Visual Studio 15
VisualStudioVersion = 15.0.27703.2018
MinimumVisualStudioVersion = 10.0.40219.1
Project("{8BC9CEB8-8B4A-11D0-8D11-00A0C91BC942}") = "StrVec", "StrVec\StrVec.vcxproj", "{541D41E1-98D1-449B-8096-327A2E7C96C1}"
EndProject
Global
	GlobalSection(SolutionConfigurationPlatforms) = preSolution
		Debug|x64 = Debug|x64
		Debug|x86 = Debug|x86
		Release|x64 = Release|x64
		Release|x86 = Release|x86
	EndGlobalSection
	GlobalSection(ProjectConfigurationPlatforms) = postSolution
		{541D41E1-98D1-449B-8096-327A2E7C96C1}.Debug|x64.ActiveCfg = Debug|x64
		{541D41E1-98D1-449B-8096-327A2E7C96C1}.Debug|x64.Build.0 = Debug|x64
		{541D41E1-98D1-449B-8096-327A2E7C96C1}.Debug|x86.ActiveCfg = Debug|Win32
		{541D41E1-98D1-449B-8096-327A2E7C96C1}.Debug|x86.Build.0 = Debug|Win32
		{541D41E1-98D1-449B-8096-327A2E7C96C1}.Release|x64.ActiveCfg = Release|x64
		{541D41E1-98D1-449B-8096-327A2E7C96C1}.Release|x64.Build.0 = Release|x64
		{541D41E1-98D1-449B-8096-327A2E7C96C1}.Release|x86.ActiveCfg = Release|Win32
		{541D41E1-98D1-449B-8096-327A2E7C96C1}.Release|x86.Build.0 = Release|Win32
	EndGlobalSection
	GlobalSection(SolutionProperties) = preSolution
		HideSolutionNode = FALSE
	EndGlobalSection
	GlobalSection(ExtensibilityGlobals) = postSolution
		SolutionGuid = {74A3CACE-5510-48C7-92FC-5995B63D2E92}
	EndGlobalSection
EndGlobal
