
Microsoft Visual Studio Solution File, Format Version 12.00
# Visual Studio 15
VisualStudioVersion = 15.0.27703.2018
MinimumVisualStudioVersion = 10.0.40219.1
Project("{8BC9CEB8-8B4A-11D0-8D11-00A0C91BC942}") = "main", "main\main.vcxproj", "{3899A3C4-85C1-46E7-B848-9C094C02CEFB}"
EndProject
Global
	GlobalSection(SolutionConfigurationPlatforms) = preSolution
		Debug|x64 = Debug|x64
		Debug|x86 = Debug|x86
		Release|x64 = Release|x64
		Release|x86 = Release|x86
	EndGlobalSection
	GlobalSection(ProjectConfigurationPlatforms) = postSolution
		{3899A3C4-85C1-46E7-B848-9C094C02CEFB}.Debug|x64.ActiveCfg = Debug|x64
		{3899A3C4-85C1-46E7-B848-9C094C02CEFB}.Debug|x64.Build.0 = Debug|x64
		{3899A3C4-85C1-46E7-B848-9C094C02CEFB}.Debug|x86.ActiveCfg = Debug|Win32
		{3899A3C4-85C1-46E7-B848-9C094C02CEFB}.Debug|x86.Build.0 = Debug|Win32
		{3899A3C4-85C1-46E7-B848-9C094C02CEFB}.Release|x64.ActiveCfg = Release|x64
		{3899A3C4-85C1-46E7-B848-9C094C02CEFB}.Release|x64.Build.0 = Release|x64
		{3899A3C4-85C1-46E7-B848-9C094C02CEFB}.Release|x86.ActiveCfg = Release|Win32
		{3899A3C4-85C1-46E7-B848-9C094C02CEFB}.Release|x86.Build.0 = Release|Win32
	EndGlobalSection
	GlobalSection(SolutionProperties) = preSolution
		HideSolutionNode = FALSE
	EndGlobalSection
	GlobalSection(ExtensibilityGlobals) = postSolution
		SolutionGuid = {96031187-92D3-4D20-87B5-ED92E1D3CC55}
	EndGlobalSection
EndGlobal
