
Microsoft Visual Studio Solution File, Format Version 12.00
# Visual Studio 15
VisualStudioVersion = 15.0.27703.2018
MinimumVisualStudioVersion = 10.0.40219.1
Project("{8BC9CEB8-8B4A-11D0-8D11-00A0C91BC942}") = "main", "main\main.vcxproj", "{4A0830A1-F870-440A-958A-0149D0D9EF4C}"
EndProject
Global
	GlobalSection(SolutionConfigurationPlatforms) = preSolution
		Debug|x64 = Debug|x64
		Debug|x86 = Debug|x86
		Release|x64 = Release|x64
		Release|x86 = Release|x86
	EndGlobalSection
	GlobalSection(ProjectConfigurationPlatforms) = postSolution
		{4A0830A1-F870-440A-958A-0149D0D9EF4C}.Debug|x64.ActiveCfg = Debug|x64
		{4A0830A1-F870-440A-958A-0149D0D9EF4C}.Debug|x64.Build.0 = Debug|x64
		{4A0830A1-F870-440A-958A-0149D0D9EF4C}.Debug|x86.ActiveCfg = Debug|Win32
		{4A0830A1-F870-440A-958A-0149D0D9EF4C}.Debug|x86.Build.0 = Debug|Win32
		{4A0830A1-F870-440A-958A-0149D0D9EF4C}.Release|x64.ActiveCfg = Release|x64
		{4A0830A1-F870-440A-958A-0149D0D9EF4C}.Release|x64.Build.0 = Release|x64
		{4A0830A1-F870-440A-958A-0149D0D9EF4C}.Release|x86.ActiveCfg = Release|Win32
		{4A0830A1-F870-440A-958A-0149D0D9EF4C}.Release|x86.Build.0 = Release|Win32
	EndGlobalSection
	GlobalSection(SolutionProperties) = preSolution
		HideSolutionNode = FALSE
	EndGlobalSection
	GlobalSection(ExtensibilityGlobals) = postSolution
		SolutionGuid = {9081321A-6AFA-4FCE-8B3E-37F0E1EED00E}
	EndGlobalSection
EndGlobal
