
Microsoft Visual Studio Solution File, Format Version 12.00
# Visual Studio 15
VisualStudioVersion = 15.0.27004.2010
MinimumVisualStudioVersion = 10.0.40219.1
Project("{8BC9CEB8-8B4A-11D0-8D11-00A0C91BC942}") = "11.3 关联容器操作", "11.3 关联容器操作\11.3 关联容器操作.vcxproj", "{828A5432-4273-4CFE-BC7A-C3734A55A862}"
EndProject
Global
	GlobalSection(SolutionConfigurationPlatforms) = preSolution
		Debug|x64 = Debug|x64
		Debug|x86 = Debug|x86
		Release|x64 = Release|x64
		Release|x86 = Release|x86
	EndGlobalSection
	GlobalSection(ProjectConfigurationPlatforms) = postSolution
		{828A5432-4273-4CFE-BC7A-C3734A55A862}.Debug|x64.ActiveCfg = Debug|x64
		{828A5432-4273-4CFE-BC7A-C3734A55A862}.Debug|x64.Build.0 = Debug|x64
		{828A5432-4273-4CFE-BC7A-C3734A55A862}.Debug|x86.ActiveCfg = Debug|Win32
		{828A5432-4273-4CFE-BC7A-C3734A55A862}.Debug|x86.Build.0 = Debug|Win32
		{828A5432-4273-4CFE-BC7A-C3734A55A862}.Release|x64.ActiveCfg = Release|x64
		{828A5432-4273-4CFE-BC7A-C3734A55A862}.Release|x64.Build.0 = Release|x64
		{828A5432-4273-4CFE-BC7A-C3734A55A862}.Release|x86.ActiveCfg = Release|Win32
		{828A5432-4273-4CFE-BC7A-C3734A55A862}.Release|x86.Build.0 = Release|Win32
	EndGlobalSection
	GlobalSection(SolutionProperties) = preSolution
		HideSolutionNode = FALSE
	EndGlobalSection
	GlobalSection(ExtensibilityGlobals) = postSolution
		SolutionGuid = {35DB158D-222B-4880-99E0-BDD87B4217A3}
	EndGlobalSection
EndGlobal
